
Microsoft Visual Studio Solution File, Format Version 12.00
# Visual Studio 15
VisualStudioVersion = 15.0.26730.15
MinimumVisualStudioVersion = 10.0.40219.1
Project("{FAE04EC0-301F-11D3-BF4B-00C04F79EFBC}") = "LizhiRedBaoFiddlerPlugin", "LizhiRedBaoFiddlerPlugin\LizhiRedBaoFiddlerPlugin.csproj", "{69D16FB3-67DB-41E4-B614-D4DE9D724ECF}"
EndProject
Project("{FAE04EC0-301F-11D3-BF4B-00C04F79EFBC}") = "LizhiRedBaoFiddlerPluginTests", "LizhiRedBaoFiddlerPluginTests\LizhiRedBaoFiddlerPluginTests.csproj", "{E456F3FA-C074-4CFC-843D-C1CF7280EAF1}"
EndProject
Global
	GlobalSection(SolutionConfigurationPlatforms) = preSolution
		Debug|Any CPU = Debug|Any CPU
		Release|Any CPU = Release|Any CPU
	EndGlobalSection
	GlobalSection(ProjectConfigurationPlatforms) = postSolution
		{69D16FB3-67DB-41E4-B614-D4DE9D724ECF}.Debug|Any CPU.ActiveCfg = Debug|Any CPU
		{69D16FB3-67DB-41E4-B614-D4DE9D724ECF}.Debug|Any CPU.Build.0 = Debug|Any CPU
		{69D16FB3-67DB-41E4-B614-D4DE9D724ECF}.Release|Any CPU.ActiveCfg = Release|Any CPU
		{69D16FB3-67DB-41E4-B614-D4DE9D724ECF}.Release|Any CPU.Build.0 = Release|Any CPU
		{E456F3FA-C074-4CFC-843D-C1CF7280EAF1}.Debug|Any CPU.ActiveCfg = Debug|Any CPU
		{E456F3FA-C074-4CFC-843D-C1CF7280EAF1}.Debug|Any CPU.Build.0 = Debug|Any CPU
		{E456F3FA-C074-4CFC-843D-C1CF7280EAF1}.Release|Any CPU.ActiveCfg = Release|Any CPU
		{E456F3FA-C074-4CFC-843D-C1CF7280EAF1}.Release|Any CPU.Build.0 = Release|Any CPU
	EndGlobalSection
	GlobalSection(SolutionProperties) = preSolution
		HideSolutionNode = FALSE
	EndGlobalSection
	GlobalSection(ExtensibilityGlobals) = postSolution
		SolutionGuid = {2D3A5F49-2B83-4285-9996-CF505E86B096}
	EndGlobalSection
EndGlobal
